// !$*UTF8*$!
{
	archiveVersion = 1;
	classes = {
	};
	objectVersion = 56;
	objects = {

/* Begin PBXBuildFile section */
		06C1C57A2989B4CF0002BD30 /* ConsentApp.swift in Sources */ = {isa = PBXBuildFile; fileRef = 06C1C5792989B4CF0002BD30 /* ConsentApp.swift */; };
		06C1C57C2989B4CF0002BD30 /* ContentView.swift in Sources */ = {isa = PBXBuildFile; fileRef = 06C1C57B2989B4CF0002BD30 /* ContentView.swift */; };
		06C1C57E2989B4D00002BD30 /* Assets.xcassets in Resources */ = {isa = PBXBuildFile; fileRef = 06C1C57D2989B4D00002BD30 /* Assets.xcassets */; };
		06C1C5812989B4D00002BD30 /* Preview Assets.xcassets in Resources */ = {isa = PBXBuildFile; fileRef = 06C1C5802989B4D00002BD30 /* Preview Assets.xcassets */; };
		06C1C589298A9F450002BD30 /* ImageNames.swift in Sources */ = {isa = PBXBuildFile; fileRef = 06C1C588298A9F450002BD30 /* ImageNames.swift */; };
		06C1C58E298AA0290002BD30 /* ExploreView.swift in Sources */ = {isa = PBXBuildFile; fileRef = 06C1C58D298AA0290002BD30 /* ExploreView.swift */; };
		06C1C590298AAF9E0002BD30 /* Activity.swift in Sources */ = {isa = PBXBuildFile; fileRef = 06C1C58F298AAF9E0002BD30 /* Activity.swift */; };
		06C1C592298AB0570002BD30 /* ExploreViewModel.swift in Sources */ = {isa = PBXBuildFile; fileRef = 06C1C591298AB0570002BD30 /* ExploreViewModel.swift */; };
		06C1C594298AB3E60002BD30 /* ActivityCardView.swift in Sources */ = {isa = PBXBuildFile; fileRef = 06C1C593298AB3E60002BD30 /* ActivityCardView.swift */; };
		06C1C596298D657D0002BD30 /* StickerTextView.swift in Sources */ = {isa = PBXBuildFile; fileRef = 06C1C595298D657D0002BD30 /* StickerTextView.swift */; };
		06C1C598298D68D70002BD30 /* SwipeActionButton.swift in Sources */ = {isa = PBXBuildFile; fileRef = 06C1C597298D68D70002BD30 /* SwipeActionButton.swift */; };
/* End PBXBuildFile section */

/* Begin PBXFileReference section */
		06C1C5762989B4CF0002BD30 /* Consent.app */ = {isa = PBXFileReference; explicitFileType = wrapper.application; includeInIndex = 0; path = Consent.app; sourceTree = BUILT_PRODUCTS_DIR; };
		06C1C5792989B4CF0002BD30 /* ConsentApp.swift */ = {isa = PBXFileReference; lastKnownFileType = sourcecode.swift; path = ConsentApp.swift; sourceTree = "<group>"; };
		06C1C57B2989B4CF0002BD30 /* ContentView.swift */ = {isa = PBXFileReference; lastKnownFileType = sourcecode.swift; path = ContentView.swift; sourceTree = "<group>"; };
		06C1C57D2989B4D00002BD30 /* Assets.xcassets */ = {isa = PBXFileReference; lastKnownFileType = folder.assetcatalog; path = Assets.xcassets; sourceTree = "<group>"; };
		06C1C5802989B4D00002BD30 /* Preview Assets.xcassets */ = {isa = PBXFileReference; lastKnownFileType = folder.assetcatalog; path = "Preview Assets.xcassets"; sourceTree = "<group>"; };
		06C1C588298A9F450002BD30 /* ImageNames.swift */ = {isa = PBXFileReference; lastKnownFileType = sourcecode.swift; path = ImageNames.swift; sourceTree = "<group>"; };
		06C1C58D298AA0290002BD30 /* ExploreView.swift */ = {isa = PBXFileReference; lastKnownFileType = sourcecode.swift; path = ExploreView.swift; sourceTree = "<group>"; };
		06C1C58F298AAF9E0002BD30 /* Activity.swift */ = {isa = PBXFileReference; lastKnownFileType = sourcecode.swift; path = Activity.swift; sourceTree = "<group>"; };
		06C1C591298AB0570002BD30 /* ExploreViewModel.swift */ = {isa = PBXFileReference; lastKnownFileType = sourcecode.swift; path = ExploreViewModel.swift; sourceTree = "<group>"; };
		06C1C593298AB3E60002BD30 /* ActivityCardView.swift */ = {isa = PBXFileReference; lastKnownFileType = sourcecode.swift; path = ActivityCardView.swift; sourceTree = "<group>"; };
		06C1C595298D657D0002BD30 /* StickerTextView.swift */ = {isa = PBXFileReference; lastKnownFileType = sourcecode.swift; path = StickerTextView.swift; sourceTree = "<group>"; };
		06C1C597298D68D70002BD30 /* SwipeActionButton.swift */ = {isa = PBXFileReference; lastKnownFileType = sourcecode.swift; path = SwipeActionButton.swift; sourceTree = "<group>"; };
/* End PBXFileReference section */

/* Begin PBXFrameworksBuildPhase section */
		06C1C5732989B4CF0002BD30 /* Frameworks */ = {
			isa = PBXFrameworksBuildPhase;
			buildActionMask = 2147483647;
			files = (
			);
			runOnlyForDeploymentPostprocessing = 0;
		};
/* End PBXFrameworksBuildPhase section */

/* Begin PBXGroup section */
		06C1C56D2989B4CF0002BD30 = {
			isa = PBXGroup;
			children = (
				06C1C5782989B4CF0002BD30 /* Consent */,
				06C1C5772989B4CF0002BD30 /* Products */,
			);
			sourceTree = "<group>";
		};
		06C1C5772989B4CF0002BD30 /* Products */ = {
			isa = PBXGroup;
			children = (
				06C1C5762989B4CF0002BD30 /* Consent.app */,
			);
			name = Products;
			sourceTree = "<group>";
		};
		06C1C5782989B4CF0002BD30 /* Consent */ = {
			isa = PBXGroup;
			children = (
				06C1C58C298A9FF60002BD30 /* View */,
				06C1C58B298A9FF00002BD30 /* ViewModel */,
				06C1C58A298A9FE70002BD30 /* Model */,
				06C1C587298A9F350002BD30 /* Constants */,
				06C1C5792989B4CF0002BD30 /* ConsentApp.swift */,
				06C1C57B2989B4CF0002BD30 /* ContentView.swift */,
				06C1C57D2989B4D00002BD30 /* Assets.xcassets */,
				06C1C57F2989B4D00002BD30 /* Preview Content */,
			);
			path = Consent;
			sourceTree = "<group>";
		};
		06C1C57F2989B4D00002BD30 /* Preview Content */ = {
			isa = PBXGroup;
			children = (
				06C1C5802989B4D00002BD30 /* Preview Assets.xcassets */,
			);
			path = "Preview Content";
			sourceTree = "<group>";
		};
		06C1C587298A9F350002BD30 /* Constants */ = {
			isa = PBXGroup;
			children = (
				06C1C588298A9F450002BD30 /* ImageNames.swift */,
			);
			path = Constants;
			sourceTree = "<group>";
		};
		06C1C58A298A9FE70002BD30 /* Model */ = {
			isa = PBXGroup;
			children = (
				06C1C58F298AAF9E0002BD30 /* Activity.swift */,
			);
			path = Model;
			sourceTree = "<group>";
		};
		06C1C58B298A9FF00002BD30 /* ViewModel */ = {
			isa = PBXGroup;
			children = (
				06C1C591298AB0570002BD30 /* ExploreViewModel.swift */,
			);
			path = ViewModel;
			sourceTree = "<group>";
		};
		06C1C58C298A9FF60002BD30 /* View */ = {
			isa = PBXGroup;
			children = (
				06C1C58D298AA0290002BD30 /* ExploreView.swift */,
				06C1C593298AB3E60002BD30 /* ActivityCardView.swift */,
				06C1C595298D657D0002BD30 /* StickerTextView.swift */,
				06C1C597298D68D70002BD30 /* SwipeActionButton.swift */,
			);
			path = View;
			sourceTree = "<group>";
		};
/* End PBXGroup section */

/* Begin PBXNativeTarget section */
		06C1C5752989B4CF0002BD30 /* Consent */ = {
			isa = PBXNativeTarget;
			buildConfigurationList = 06C1C5842989B4D00002BD30 /* Build configuration list for PBXNativeTarget "Consent" */;
			buildPhases = (
				06C1C5722989B4CF0002BD30 /* Sources */,
				06C1C5732989B4CF0002BD30 /* Frameworks */,
				06C1C5742989B4CF0002BD30 /* Resources */,
			);
			buildRules = (
			);
			dependencies = (
			);
			name = Consent;
			productName = Consent;
			productReference = 06C1C5762989B4CF0002BD30 /* Consent.app */;
			productType = "com.apple.product-type.application";
		};
/* End PBXNativeTarget section */

/* Begin PBXProject section */
		06C1C56E2989B4CF0002BD30 /* Project object */ = {
			isa = PBXProject;
			attributes = {
				BuildIndependentTargetsInParallel = 1;
				LastSwiftUpdateCheck = 1420;
				LastUpgradeCheck = 1420;
				TargetAttributes = {
					06C1C5752989B4CF0002BD30 = {
						CreatedOnToolsVersion = 14.2;
					};
				};
			};
			buildConfigurationList = 06C1C5712989B4CF0002BD30 /* Build configuration list for PBXProject "Consent" */;
			compatibilityVersion = "Xcode 14.0";
			developmentRegion = en;
			hasScannedForEncodings = 0;
			knownRegions = (
				en,
				Base,
			);
			mainGroup = 06C1C56D2989B4CF0002BD30;
			productRefGroup = 06C1C5772989B4CF0002BD30 /* Products */;
			projectDirPath = "";
			projectRoot = "";
			targets = (
				06C1C5752989B4CF0002BD30 /* Consent */,
			);
		};
/* End PBXProject section */

/* Begin PBXResourcesBuildPhase section */
		06C1C5742989B4CF0002BD30 /* Resources */ = {
			isa = PBXResourcesBuildPhase;
			buildActionMask = 2147483647;
			files = (
				06C1C5812989B4D00002BD30 /* Preview Assets.xcassets in Resources */,
				06C1C57E2989B4D00002BD30 /* Assets.xcassets in Resources */,
			);
			runOnlyForDeploymentPostprocessing = 0;
		};
/* End PBXResourcesBuildPhase section */

/* Begin PBXSourcesBuildPhase section */
		06C1C5722989B4CF0002BD30 /* Sources */ = {
			isa = PBXSourcesBuildPhase;
			buildActionMask = 2147483647;
			files = (
				06C1C592298AB0570002BD30 /* ExploreViewModel.swift in Sources */,
				06C1C590298AAF9E0002BD30 /* Activity.swift in Sources */,
				06C1C598298D68D70002BD30 /* SwipeActionButton.swift in Sources */,
				06C1C57C2989B4CF0002BD30 /* ContentView.swift in Sources */,
				06C1C594298AB3E60002BD30 /* ActivityCardView.swift in Sources */,
				06C1C57A2989B4CF0002BD30 /* ConsentApp.swift in Sources */,
				06C1C596298D657D0002BD30 /* StickerTextView.swift in Sources */,
				06C1C58E298AA0290002BD30 /* ExploreView.swift in Sources */,
				06C1C589298A9F450002BD30 /* ImageNames.swift in Sources */,
			);
			runOnlyForDeploymentPostprocessing = 0;
		};
/* End PBXSourcesBuildPhase section */

/* Begin XCBuildConfiguration section */
		06C1C5822989B4D00002BD30 /* Debug */ = {
			isa = XCBuildConfiguration;
			buildSettings = {
				ALWAYS_SEARCH_USER_PATHS = NO;
				CLANG_ANALYZER_NONNULL = YES;
				CLANG_ANALYZER_NUMBER_OBJECT_CONVERSION = YES_AGGRESSIVE;
				CLANG_CXX_LANGUAGE_STANDARD = "gnu++20";
				CLANG_ENABLE_MODULES = YES;
				CLANG_ENABLE_OBJC_ARC = YES;
				CLANG_ENABLE_OBJC_WEAK = YES;
				CLANG_WARN_BLOCK_CAPTURE_AUTORELEASING = YES;
				CLANG_WARN_BOOL_CONVERSION = YES;
				CLANG_WARN_COMMA = YES;
				CLANG_WARN_CONSTANT_CONVERSION = YES;
				CLANG_WARN_DEPRECATED_OBJC_IMPLEMENTATIONS = YES;
				CLANG_WARN_DIRECT_OBJC_ISA_USAGE = YES_ERROR;
				CLANG_WARN_DOCUMENTATION_COMMENTS = YES;
				CLANG_WARN_EMPTY_BODY = YES;
				CLANG_WARN_ENUM_CONVERSION = YES;
				CLANG_WARN_INFINITE_RECURSION = YES;
				CLANG_WARN_INT_CONVERSION = YES;
				CLANG_WARN_NON_LITERAL_NULL_CONVERSION = YES;
				CLANG_WARN_OBJC_IMPLICIT_RETAIN_SELF = YES;
				CLANG_WARN_OBJC_LITERAL_CONVERSION = YES;
				CLANG_WARN_OBJC_ROOT_CLASS = YES_ERROR;
				CLANG_WARN_QUOTED_INCLUDE_IN_FRAMEWORK_HEADER = YES;
				CLANG_WARN_RANGE_LOOP_ANALYSIS = YES;
				CLANG_WARN_STRICT_PROTOTYPES = YES;
				CLANG_WARN_SUSPICIOUS_MOVE = YES;
				CLANG_WARN_UNGUARDED_AVAILABILITY = YES_AGGRESSIVE;
				CLANG_WARN_UNREACHABLE_CODE = YES;
				CLANG_WARN__DUPLICATE_METHOD_MATCH = YES;
				COPY_PHASE_STRIP = NO;
				DEBUG_INFORMATION_FORMAT = dwarf;
				ENABLE_STRICT_OBJC_MSGSEND = YES;
				ENABLE_TESTABILITY = YES;
				GCC_C_LANGUAGE_STANDARD = gnu11;
				GCC_DYNAMIC_NO_PIC = NO;
				GCC_NO_COMMON_BLOCKS = YES;
				GCC_OPTIMIZATION_LEVEL = 0;
				GCC_PREPROCESSOR_DEFINITIONS = (
					"DEBUG=1",
					"$(inherited)",
				);
				GCC_WARN_64_TO_32_BIT_CONVERSION = YES;
				GCC_WARN_ABOUT_RETURN_TYPE = YES_ERROR;
				GCC_WARN_UNDECLARED_SELECTOR = YES;
				GCC_WARN_UNINITIALIZED_AUTOS = YES_AGGRESSIVE;
				GCC_WARN_UNUSED_FUNCTION = YES;
				GCC_WARN_UNUSED_VARIABLE = YES;
				IPHONEOS_DEPLOYMENT_TARGET = 16.2;
				MTL_ENABLE_DEBUG_INFO = INCLUDE_SOURCE;
				MTL_FAST_MATH = YES;
				ONLY_ACTIVE_ARCH = YES;
				SDKROOT = iphoneos;
				SWIFT_ACTIVE_COMPILATION_CONDITIONS = DEBUG;
				SWIFT_OPTIMIZATION_LEVEL = "-Onone";
			};
			name = Debug;
		};
		06C1C5832989B4D00002BD30 /* Release */ = {
			isa = XCBuildConfiguration;
			buildSettings = {
				ALWAYS_SEARCH_USER_PATHS = NO;
				CLANG_ANALYZER_NONNULL = YES;
				CLANG_ANALYZER_NUMBER_OBJECT_CONVERSION = YES_AGGRESSIVE;
				CLANG_CXX_LANGUAGE_STANDARD = "gnu++20";
				CLANG_ENABLE_MODULES = YES;
				CLANG_ENABLE_OBJC_ARC = YES;
				CLANG_ENABLE_OBJC_WEAK = YES;
				CLANG_WARN_BLOCK_CAPTURE_AUTORELEASING = YES;
				CLANG_WARN_BOOL_CONVERSION = YES;
				CLANG_WARN_COMMA = YES;
				CLANG_WARN_CONSTANT_CONVERSION = YES;
				CLANG_WARN_DEPRECATED_OBJC_IMPLEMENTATIONS = YES;
				CLANG_WARN_DIRECT_OBJC_ISA_USAGE = YES_ERROR;
				CLANG_WARN_DOCUMENTATION_COMMENTS = YES;
				CLANG_WARN_EMPTY_BODY = YES;
				CLANG_WARN_ENUM_CONVERSION = YES;
				CLANG_WARN_INFINITE_RECURSION = YES;
				CLANG_WARN_INT_CONVERSION = YES;
				CLANG_WARN_NON_LITERAL_NULL_CONVERSION = YES;
				CLANG_WARN_OBJC_IMPLICIT_RETAIN_SELF = YES;
				CLANG_WARN_OBJC_LITERAL_CONVERSION = YES;
				CLANG_WARN_OBJC_ROOT_CLASS = YES_ERROR;
				CLANG_WARN_QUOTED_INCLUDE_IN_FRAMEWORK_HEADER = YES;
				CLANG_WARN_RANGE_LOOP_ANALYSIS = YES;
				CLANG_WARN_STRICT_PROTOTYPES = YES;
				CLANG_WARN_SUSPICIOUS_MOVE = YES;
				CLANG_WARN_UNGUARDED_AVAILABILITY = YES_AGGRESSIVE;
				CLANG_WARN_UNREACHABLE_CODE = YES;
				CLANG_WARN__DUPLICATE_METHOD_MATCH = YES;
				COPY_PHASE_STRIP = NO;
				DEBUG_INFORMATION_FORMAT = "dwarf-with-dsym";
				ENABLE_NS_ASSERTIONS = NO;
				ENABLE_STRICT_OBJC_MSGSEND = YES;
				GCC_C_LANGUAGE_STANDARD = gnu11;
				GCC_NO_COMMON_BLOCKS = YES;
				GCC_WARN_64_TO_32_BIT_CONVERSION = YES;
				GCC_WARN_ABOUT_RETURN_TYPE = YES_ERROR;
				GCC_WARN_UNDECLARED_SELECTOR = YES;
				GCC_WARN_UNINITIALIZED_AUTOS = YES_AGGRESSIVE;
				GCC_WARN_UNUSED_FUNCTION = YES;
				GCC_WARN_UNUSED_VARIABLE = YES;
				IPHONEOS_DEPLOYMENT_TARGET = 16.2;
				MTL_ENABLE_DEBUG_INFO = NO;
				MTL_FAST_MATH = YES;
				SDKROOT = iphoneos;
				SWIFT_COMPILATION_MODE = wholemodule;
				SWIFT_OPTIMIZATION_LEVEL = "-O";
				VALIDATE_PRODUCT = YES;
			};
			name = Release;
		};
		06C1C5852989B4D00002BD30 /* Debug */ = {
			isa = XCBuildConfiguration;
			buildSettings = {
				ASSETCATALOG_COMPILER_APPICON_NAME = AppIcon;
				ASSETCATALOG_COMPILER_GLOBAL_ACCENT_COLOR_NAME = AccentColor;
				CODE_SIGN_STYLE = Automatic;
				CURRENT_PROJECT_VERSION = 1;
				DEVELOPMENT_ASSET_PATHS = "\"Consent/Preview Content\"";
				DEVELOPMENT_TEAM = 7LX25BCPB6;
				ENABLE_PREVIEWS = YES;
				GENERATE_INFOPLIST_FILE = YES;
				INFOPLIST_KEY_UIApplicationSceneManifest_Generation = YES;
				INFOPLIST_KEY_UIApplicationSupportsIndirectInputEvents = YES;
				INFOPLIST_KEY_UILaunchScreen_Generation = YES;
				INFOPLIST_KEY_UISupportedInterfaceOrientations_iPad = "UIInterfaceOrientationPortrait UIInterfaceOrientationPortraitUpsideDown UIInterfaceOrientationLandscapeLeft UIInterfaceOrientationLandscapeRight";
				INFOPLIST_KEY_UISupportedInterfaceOrientations_iPhone = "UIInterfaceOrientationPortrait UIInterfaceOrientationLandscapeLeft UIInterfaceOrientationLandscapeRight";
				LD_RUNPATH_SEARCH_PATHS = (
					"$(inherited)",
					"@executable_path/Frameworks",
				);
				MARKETING_VERSION = 1.0;
				PRODUCT_BUNDLE_IDENTIFIER = com.lusinemagauzyan.Consent;
				PRODUCT_NAME = "$(TARGET_NAME)";
				SWIFT_EMIT_LOC_STRINGS = YES;
				SWIFT_VERSION = 5.0;
				TARGETED_DEVICE_FAMILY = "1,2";
			};
			name = Debug;
		};
		06C1C5862989B4D00002BD30 /* Release */ = {
			isa = XCBuildConfiguration;
			buildSettings = {
				ASSETCATALOG_COMPILER_APPICON_NAME = AppIcon;
				ASSETCATALOG_COMPILER_GLOBAL_ACCENT_COLOR_NAME = AccentColor;
				CODE_SIGN_STYLE = Automatic;
				CURRENT_PROJECT_VERSION = 1;
				DEVELOPMENT_ASSET_PATHS = "\"Consent/Preview Content\"";
				DEVELOPMENT_TEAM = 7LX25BCPB6;
				ENABLE_PREVIEWS = YES;
				GENERATE_INFOPLIST_FILE = YES;
				INFOPLIST_KEY_UIApplicationSceneManifest_Generation = YES;
				INFOPLIST_KEY_UIApplicationSupportsIndirectInputEvents = YES;
				INFOPLIST_KEY_UILaunchScreen_Generation = YES;
				INFOPLIST_KEY_UISupportedInterfaceOrientations_iPad = "UIInterfaceOrientationPortrait UIInterfaceOrientationPortraitUpsideDown UIInterfaceOrientationLandscapeLeft UIInterfaceOrientationLandscapeRight";
				INFOPLIST_KEY_UISupportedInterfaceOrientations_iPhone = "UIInterfaceOrientationPortrait UIInterfaceOrientationLandscapeLeft UIInterfaceOrientationLandscapeRight";
				LD_RUNPATH_SEARCH_PATHS = (
					"$(inherited)",
					"@executable_path/Frameworks",
				);
				MARKETING_VERSION = 1.0;
				PRODUCT_BUNDLE_IDENTIFIER = com.lusinemagauzyan.Consent;
				PRODUCT_NAME = "$(TARGET_NAME)";
				SWIFT_EMIT_LOC_STRINGS = YES;
				SWIFT_VERSION = 5.0;
				TARGETED_DEVICE_FAMILY = "1,2";
			};
			name = Release;
		};
/* End XCBuildConfiguration section */

/* Begin XCConfigurationList section */
		06C1C5712989B4CF0002BD30 /* Build configuration list for PBXProject "Consent" */ = {
			isa = XCConfigurationList;
			buildConfigurations = (
				06C1C5822989B4D00002BD30 /* Debug */,
				06C1C5832989B4D00002BD30 /* Release */,
			);
			defaultConfigurationIsVisible = 0;
			defaultConfigurationName = Release;
		};
		06C1C5842989B4D00002BD30 /* Build configuration list for PBXNativeTarget "Consent" */ = {
			isa = XCConfigurationList;
			buildConfigurations = (
				06C1C5852989B4D00002BD30 /* Debug */,
				06C1C5862989B4D00002BD30 /* Release */,
			);
			defaultConfigurationIsVisible = 0;
			defaultConfigurationName = Release;
		};
/* End XCConfigurationList section */
	};
	rootObject = 06C1C56E2989B4CF0002BD30 /* Project object */;
}
